
Microsoft Visual Studio Solution File, Format Version 12.00
# Visual Studio Version 17
VisualStudioVersion = 17.9.34701.34
MinimumVisualStudioVersion = 10.0.40219.1
Project("{9A19103F-16F7-4668-BE54-9A1E7A4F7556}") = "apiwebvivanet", "apiwebvivanet\apiwebvivanet.csproj", "{54BFB558-08AD-467F-80B2-DD4F140C423C}"
EndProject
Project("{FAE04EC0-301F-11D3-BF4B-00C04F79EFBC}") = "FrameworksDriversApi", "FrameworksDriversApi\FrameworksDriversApi.csproj", "{B709CB79-720B-4CCB-9AEF-D0DBAE899F19}"
EndProject
Project("{FAE04EC0-301F-11D3-BF4B-00C04F79EFBC}") = "EnterpriseLayer", "EnterpriseLayer\EnterpriseLayer.csproj", "{4E965821-DE08-4104-9DCA-560C8CDFCD42}"
EndProject
Project("{FAE04EC0-301F-11D3-BF4B-00C04F79EFBC}") = "InterfaceAdapter-Darta", "InterfaceAdapter-Darta\InterfaceAdapter-Darta.csproj", "{A80C4904-FDC9-4EBD-85F3-DF23031BE79C}"
EndProject
Project("{FAE04EC0-301F-11D3-BF4B-00C04F79EFBC}") = "AplicationLayer", "AplicationLayer\AplicationLayer.csproj", "{1DF72630-A2FC-4BAC-AC72-500E394E2342}"
EndProject
Project("{FAE04EC0-301F-11D3-BF4B-00C04F79EFBC}") = "InterfaceAdapter-Repository", "InterfaceAdapter-Repository\InterfaceAdapter-Repository.csproj", "{8C14457D-9E54-43A2-A184-EAEC71C6D17B}"
EndProject
Global
	GlobalSection(SolutionConfigurationPlatforms) = preSolution
		Debug|Any CPU = Debug|Any CPU
		Release|Any CPU = Release|Any CPU
	EndGlobalSection
	GlobalSection(ProjectConfigurationPlatforms) = postSolution
		{54BFB558-08AD-467F-80B2-DD4F140C423C}.Debug|Any CPU.ActiveCfg = Debug|Any CPU
		{54BFB558-08AD-467F-80B2-DD4F140C423C}.Debug|Any CPU.Build.0 = Debug|Any CPU
		{54BFB558-08AD-467F-80B2-DD4F140C423C}.Release|Any CPU.ActiveCfg = Release|Any CPU
		{54BFB558-08AD-467F-80B2-DD4F140C423C}.Release|Any CPU.Build.0 = Release|Any CPU
		{B709CB79-720B-4CCB-9AEF-D0DBAE899F19}.Debug|Any CPU.ActiveCfg = Debug|Any CPU
		{B709CB79-720B-4CCB-9AEF-D0DBAE899F19}.Debug|Any CPU.Build.0 = Debug|Any CPU
		{B709CB79-720B-4CCB-9AEF-D0DBAE899F19}.Release|Any CPU.ActiveCfg = Release|Any CPU
		{B709CB79-720B-4CCB-9AEF-D0DBAE899F19}.Release|Any CPU.Build.0 = Release|Any CPU
		{4E965821-DE08-4104-9DCA-560C8CDFCD42}.Debug|Any CPU.ActiveCfg = Debug|Any CPU
		{4E965821-DE08-4104-9DCA-560C8CDFCD42}.Debug|Any CPU.Build.0 = Debug|Any CPU
		{4E965821-DE08-4104-9DCA-560C8CDFCD42}.Release|Any CPU.ActiveCfg = Release|Any CPU
		{4E965821-DE08-4104-9DCA-560C8CDFCD42}.Release|Any CPU.Build.0 = Release|Any CPU
		{A80C4904-FDC9-4EBD-85F3-DF23031BE79C}.Debug|Any CPU.ActiveCfg = Debug|Any CPU
		{A80C4904-FDC9-4EBD-85F3-DF23031BE79C}.Debug|Any CPU.Build.0 = Debug|Any CPU
		{A80C4904-FDC9-4EBD-85F3-DF23031BE79C}.Release|Any CPU.ActiveCfg = Release|Any CPU
		{A80C4904-FDC9-4EBD-85F3-DF23031BE79C}.Release|Any CPU.Build.0 = Release|Any CPU
		{1DF72630-A2FC-4BAC-AC72-500E394E2342}.Debug|Any CPU.ActiveCfg = Debug|Any CPU
		{1DF72630-A2FC-4BAC-AC72-500E394E2342}.Debug|Any CPU.Build.0 = Debug|Any CPU
		{1DF72630-A2FC-4BAC-AC72-500E394E2342}.Release|Any CPU.ActiveCfg = Release|Any CPU
		{1DF72630-A2FC-4BAC-AC72-500E394E2342}.Release|Any CPU.Build.0 = Release|Any CPU
		{8C14457D-9E54-43A2-A184-EAEC71C6D17B}.Debug|Any CPU.ActiveCfg = Debug|Any CPU
		{8C14457D-9E54-43A2-A184-EAEC71C6D17B}.Debug|Any CPU.Build.0 = Debug|Any CPU
		{8C14457D-9E54-43A2-A184-EAEC71C6D17B}.Release|Any CPU.ActiveCfg = Release|Any CPU
		{8C14457D-9E54-43A2-A184-EAEC71C6D17B}.Release|Any CPU.Build.0 = Release|Any CPU
	EndGlobalSection
	GlobalSection(SolutionProperties) = preSolution
		HideSolutionNode = FALSE
	EndGlobalSection
	GlobalSection(ExtensibilityGlobals) = postSolution
		SolutionGuid = {8C99701C-41B8-4FA0-A8E4-16ACC5A7BA29}
	EndGlobalSection
EndGlobal
